<?xml version="1.0" encoding="utf-8"?>
<Project ToolsVersion="4.0" xmlns="http://schemas.microsoft.com/developer/msbuild/2003">
  <ItemGroup>
    <Filter Include="소스 파일">
      <UniqueIdentifier>{4FC737F1-C7A5-4376-A066-2A32D752A2FF}</UniqueIdentifier>
      <Extensions>cpp;c;cc;cxx;c++;cppm;ixx;def;odl;idl;hpj;bat;asm;asmx</Extensions>
    </Filter>
    <Filter Include="헤더 파일">
      <UniqueIdentifier>{93995380-89BD-4b04-88EB-625FBE52EBFB}</UniqueIdentifier>
      <Extensions>h;hh;hpp;hxx;h++;hm;inl;inc;ipp;xsd</Extensions>
    </Filter>
    <Filter Include="리소스 파일">
      <UniqueIdentifier>{67DA6AB6-F800-4c08-8B7A-83BB121AAD01}</UniqueIdentifier>
      <Extensions>rc;ico;cur;bmp;dlg;rc2;rct;bin;rgs;gif;jpg;jpeg;jpe;resx;tiff;tif;png;wav;mfcribbon-ms</Extensions>
    </Filter>
    <Filter Include="drivers">
      <UniqueIdentifier>{2050f029-a795-484c-98a6-f8b43188d5e6}</UniqueIdentifier>
    </Filter>
    <Filter Include="core">
      <UniqueIdentifier>{7c9f6863-a865-4e75-9cb0-07b62e1104b0}</UniqueIdentifier>
    </Filter>
  </ItemGroup>
  <ItemGroup>
    <ClCompile Include="main.c">
      <Filter>소스 파일</Filter>
    </ClCompile>
    <ClCompile Include="drivers\console_driver.c">
      <Filter>drivers</Filter>
    </ClCompile>
    <ClCompile Include="drivers\key_driver.c">
      <Filter>drivers</Filter>
    </ClCompile>
    <ClCompile Include="drivers\sound_driver.c">
      <Filter>drivers</Filter>
    </ClCompile>
    <ClCompile Include="core\blocks.c">
      <Filter>core</Filter>
    </ClCompile>
    <ClCompile Include="core\board.c">
      <Filter>core</Filter>
    </ClCompile>
    <ClCompile Include="core\cell.c">
      <Filter>core</Filter>
    </ClCompile>
    <ClCompile Include="core\colors.c">
      <Filter>core</Filter>
    </ClCompile>
    <ClCompile Include="core\stage_info.c">
      <Filter>core</Filter>
    </ClCompile>
    <ClCompile Include="core\game_info.c">
      <Filter>core</Filter>
    </ClCompile>
    <ClCompile Include="core\game_fsm.c">
      <Filter>core</Filter>
    </ClCompile>
    <ClCompile Include="core\common.c">
      <Filter>core</Filter>
    </ClCompile>
    <ClCompile Include="core\game.c">
      <Filter>core</Filter>
    </ClCompile>
  </ItemGroup>
  <ItemGroup>
    <ClInclude Include="main.h">
      <Filter>헤더 파일</Filter>
    </ClInclude>
    <ClInclude Include="config.h">
      <Filter>헤더 파일</Filter>
    </ClInclude>
    <ClInclude Include="core\blocks.h">
      <Filter>core</Filter>
    </ClInclude>
    <ClInclude Include="core\board.h">
      <Filter>core</Filter>
    </ClInclude>
    <ClInclude Include="core\cell.h">
      <Filter>core</Filter>
    </ClInclude>
    <ClInclude Include="core\colors.h">
      <Filter>core</Filter>
    </ClInclude>
    <ClInclude Include="core\point.h">
      <Filter>core</Filter>
    </ClInclude>
    <ClInclude Include="drivers\console_driver.h">
      <Filter>drivers</Filter>
    </ClInclude>
    <ClInclude Include="drivers\key_code.h">
      <Filter>drivers</Filter>
    </ClInclude>
    <ClInclude Include="drivers\key_config.h">
      <Filter>drivers</Filter>
    </ClInclude>
    <ClInclude Include="drivers\key_driver.h">
      <Filter>drivers</Filter>
    </ClInclude>
    <ClInclude Include="drivers\sound_driver.h">
      <Filter>drivers</Filter>
    </ClInclude>
    <ClInclude Include="core\stage_info.h">
      <Filter>core</Filter>
    </ClInclude>
    <ClInclude Include="core\game_info.h">
      <Filter>core</Filter>
    </ClInclude>
    <ClInclude Include="core\game_fsm.h">
      <Filter>core</Filter>
    </ClInclude>
    <ClInclude Include="core\common.h">
      <Filter>core</Filter>
    </ClInclude>
    <ClInclude Include="core\game.h">
      <Filter>core</Filter>
    </ClInclude>
  </ItemGroup>
  <ItemGroup>
    <Media Include="rsc\sounds\sample1.wav">
      <Filter>리소스 파일</Filter>
    </Media>
    <Media Include="rsc\sounds\sample2.wav">
      <Filter>리소스 파일</Filter>
    </Media>
  </ItemGroup>
</Project>